// !$*UTF8*$!
{
	archiveVersion = 1;
	classes = {
	};
	objectVersion = 56;
	objects = {

/* Begin PBXBuildFile section */
		3127EB672C137C9000AC7486 /* AppDelegate.swift in Sources */ = {isa = PBXBuildFile; fileRef = 3127EB662C137C9000AC7486 /* AppDelegate.swift */; };
		3127EB692C137C9000AC7486 /* ContentView.swift in Sources */ = {isa = PBXBuildFile; fileRef = 3127EB682C137C9000AC7486 /* ContentView.swift */; };
		3127EB6B2C137C9100AC7486 /* Assets.xcassets in Resources */ = {isa = PBXBuildFile; fileRef = 3127EB6A2C137C9100AC7486 /* Assets.xcassets */; };
		3127EB6E2C137C9100AC7486 /* Preview Assets.xcassets in Resources */ = {isa = PBXBuildFile; fileRef = 3127EB6D2C137C9100AC7486 /* Preview Assets.xcassets */; };
		3127EB752C137CC700AC7486 /* Coordinator.swift in Sources */ = {isa = PBXBuildFile; fileRef = 3127EB742C137CC700AC7486 /* Coordinator.swift */; };
		31E90FC32C143EA500AC5770 /* DSC_0171.JPG in Resources */ = {isa = PBXBuildFile; fileRef = 31E90FBD2C143EA500AC5770 /* DSC_0171.JPG */; };
		31E90FC42C143EA500AC5770 /* cover.jpg in Resources */ = {isa = PBXBuildFile; fileRef = 31E90FBE2C143EA500AC5770 /* cover.jpg */; };
		31E90FC52C143EA500AC5770 /* DSC_0003.JPG in Resources */ = {isa = PBXBuildFile; fileRef = 31E90FBF2C143EA500AC5770 /* DSC_0003.JPG */; };
		31E90FC62C143EA500AC5770 /* purple_flower.png in Resources */ = {isa = PBXBuildFile; fileRef = 31E90FC02C143EA500AC5770 /* purple_flower.png */; };
		31E90FC72C143EA500AC5770 /* DSC_0117.JPG in Resources */ = {isa = PBXBuildFile; fileRef = 31E90FC12C143EA500AC5770 /* DSC_0117.JPG */; };
		31E90FC82C143EA500AC5770 /* lola.png in Resources */ = {isa = PBXBuildFile; fileRef = 31E90FC22C143EA500AC5770 /* lola.png */; };
/* End PBXBuildFile section */

/* Begin PBXFileReference section */
		3127EB632C137C9000AC7486 /* AppRealityKitTemplate.app */ = {isa = PBXFileReference; explicitFileType = wrapper.application; includeInIndex = 0; path = AppRealityKitTemplate.app; sourceTree = BUILT_PRODUCTS_DIR; };
		3127EB662C137C9000AC7486 /* AppDelegate.swift */ = {isa = PBXFileReference; lastKnownFileType = sourcecode.swift; path = AppDelegate.swift; sourceTree = "<group>"; };
		3127EB682C137C9000AC7486 /* ContentView.swift */ = {isa = PBXFileReference; lastKnownFileType = sourcecode.swift; path = ContentView.swift; sourceTree = "<group>"; };
		3127EB6A2C137C9100AC7486 /* Assets.xcassets */ = {isa = PBXFileReference; lastKnownFileType = folder.assetcatalog; path = Assets.xcassets; sourceTree = "<group>"; };
		3127EB6D2C137C9100AC7486 /* Preview Assets.xcassets */ = {isa = PBXFileReference; lastKnownFileType = folder.assetcatalog; path = "Preview Assets.xcassets"; sourceTree = "<group>"; };
		3127EB742C137CC700AC7486 /* Coordinator.swift */ = {isa = PBXFileReference; lastKnownFileType = sourcecode.swift; path = Coordinator.swift; sourceTree = "<group>"; };
		31E90FBD2C143EA500AC5770 /* DSC_0171.JPG */ = {isa = PBXFileReference; lastKnownFileType = image.jpeg; name = DSC_0171.JPG; path = "../../../Recursos alumnos/Imagenes Cubo/DSC_0171.JPG"; sourceTree = "<group>"; };
		31E90FBE2C143EA500AC5770 /* cover.jpg */ = {isa = PBXFileReference; lastKnownFileType = image.jpeg; name = cover.jpg; path = "../../../Recursos alumnos/Imagenes Cubo/cover.jpg"; sourceTree = "<group>"; };
		31E90FBF2C143EA500AC5770 /* DSC_0003.JPG */ = {isa = PBXFileReference; lastKnownFileType = image.jpeg; name = DSC_0003.JPG; path = "../../../Recursos alumnos/Imagenes Cubo/DSC_0003.JPG"; sourceTree = "<group>"; };
		31E90FC02C143EA500AC5770 /* purple_flower.png */ = {isa = PBXFileReference; lastKnownFileType = image.png; name = purple_flower.png; path = "../../../Recursos alumnos/Imagenes Cubo/purple_flower.png"; sourceTree = "<group>"; };
		31E90FC12C143EA500AC5770 /* DSC_0117.JPG */ = {isa = PBXFileReference; lastKnownFileType = image.jpeg; name = DSC_0117.JPG; path = "../../../Recursos alumnos/Imagenes Cubo/DSC_0117.JPG"; sourceTree = "<group>"; };
		31E90FC22C143EA500AC5770 /* lola.png */ = {isa = PBXFileReference; lastKnownFileType = image.png; name = lola.png; path = "../../../Recursos alumnos/Imagenes Cubo/lola.png"; sourceTree = "<group>"; };
/* End PBXFileReference section */

/* Begin PBXFrameworksBuildPhase section */
		3127EB602C137C9000AC7486 /* Frameworks */ = {
			isa = PBXFrameworksBuildPhase;
			buildActionMask = 2147483647;
			files = (
			);
			runOnlyForDeploymentPostprocessing = 0;
		};
/* End PBXFrameworksBuildPhase section */

/* Begin PBXGroup section */
		3127EB5A2C137C9000AC7486 = {
			isa = PBXGroup;
			children = (
				3127EB652C137C9000AC7486 /* AppRealityKitTemplate */,
				3127EB642C137C9000AC7486 /* Products */,
			);
			sourceTree = "<group>";
		};
		3127EB642C137C9000AC7486 /* Products */ = {
			isa = PBXGroup;
			children = (
				3127EB632C137C9000AC7486 /* AppRealityKitTemplate.app */,
			);
			name = Products;
			sourceTree = "<group>";
		};
		3127EB652C137C9000AC7486 /* AppRealityKitTemplate */ = {
			isa = PBXGroup;
			children = (
				31E90FBE2C143EA500AC5770 /* cover.jpg */,
				31E90FBF2C143EA500AC5770 /* DSC_0003.JPG */,
				31E90FC12C143EA500AC5770 /* DSC_0117.JPG */,
				31E90FBD2C143EA500AC5770 /* DSC_0171.JPG */,
				31E90FC22C143EA500AC5770 /* lola.png */,
				31E90FC02C143EA500AC5770 /* purple_flower.png */,
				3127EB662C137C9000AC7486 /* AppDelegate.swift */,
				3127EB682C137C9000AC7486 /* ContentView.swift */,
				3127EB742C137CC700AC7486 /* Coordinator.swift */,
				3127EB6A2C137C9100AC7486 /* Assets.xcassets */,
				3127EB6C2C137C9100AC7486 /* Preview Content */,
			);
			path = AppRealityKitTemplate;
			sourceTree = "<group>";
		};
		3127EB6C2C137C9100AC7486 /* Preview Content */ = {
			isa = PBXGroup;
			children = (
				3127EB6D2C137C9100AC7486 /* Preview Assets.xcassets */,
			);
			path = "Preview Content";
			sourceTree = "<group>";
		};
/* End PBXGroup section */

/* Begin PBXNativeTarget section */
		3127EB622C137C9000AC7486 /* AppRealityKitTemplate */ = {
			isa = PBXNativeTarget;
			buildConfigurationList = 3127EB712C137C9100AC7486 /* Build configuration list for PBXNativeTarget "AppRealityKitTemplate" */;
			buildPhases = (
				3127EB5F2C137C9000AC7486 /* Sources */,
				3127EB602C137C9000AC7486 /* Frameworks */,
				3127EB612C137C9000AC7486 /* Resources */,
			);
			buildRules = (
			);
			dependencies = (
			);
			name = AppRealityKitTemplate;
			productName = AppRealityKitTemplate;
			productReference = 3127EB632C137C9000AC7486 /* AppRealityKitTemplate.app */;
			productType = "com.apple.product-type.application";
		};
/* End PBXNativeTarget section */

/* Begin PBXProject section */
		3127EB5B2C137C9000AC7486 /* Project object */ = {
			isa = PBXProject;
			attributes = {
				BuildIndependentTargetsInParallel = 1;
				LastSwiftUpdateCheck = 1530;
				LastUpgradeCheck = 1530;
				TargetAttributes = {
					3127EB622C137C9000AC7486 = {
						CreatedOnToolsVersion = 15.3;
					};
				};
			};
			buildConfigurationList = 3127EB5E2C137C9000AC7486 /* Build configuration list for PBXProject "AppRealityKitTemplate" */;
			compatibilityVersion = "Xcode 14.0";
			developmentRegion = en;
			hasScannedForEncodings = 0;
			knownRegions = (
				en,
				Base,
			);
			mainGroup = 3127EB5A2C137C9000AC7486;
			productRefGroup = 3127EB642C137C9000AC7486 /* Products */;
			projectDirPath = "";
			projectRoot = "";
			targets = (
				3127EB622C137C9000AC7486 /* AppRealityKitTemplate */,
			);
		};
/* End PBXProject section */

/* Begin PBXResourcesBuildPhase section */
		3127EB612C137C9000AC7486 /* Resources */ = {
			isa = PBXResourcesBuildPhase;
			buildActionMask = 2147483647;
			files = (
				31E90FC32C143EA500AC5770 /* DSC_0171.JPG in Resources */,
				31E90FC72C143EA500AC5770 /* DSC_0117.JPG in Resources */,
				3127EB6E2C137C9100AC7486 /* Preview Assets.xcassets in Resources */,
				31E90FC82C143EA500AC5770 /* lola.png in Resources */,
				3127EB6B2C137C9100AC7486 /* Assets.xcassets in Resources */,
				31E90FC42C143EA500AC5770 /* cover.jpg in Resources */,
				31E90FC62C143EA500AC5770 /* purple_flower.png in Resources */,
				31E90FC52C143EA500AC5770 /* DSC_0003.JPG in Resources */,
			);
			runOnlyForDeploymentPostprocessing = 0;
		};
/* End PBXResourcesBuildPhase section */

/* Begin PBXSourcesBuildPhase section */
		3127EB5F2C137C9000AC7486 /* Sources */ = {
			isa = PBXSourcesBuildPhase;
			buildActionMask = 2147483647;
			files = (
				3127EB692C137C9000AC7486 /* ContentView.swift in Sources */,
				3127EB672C137C9000AC7486 /* AppDelegate.swift in Sources */,
				3127EB752C137CC700AC7486 /* Coordinator.swift in Sources */,
			);
			runOnlyForDeploymentPostprocessing = 0;
		};
/* End PBXSourcesBuildPhase section */

/* Begin XCBuildConfiguration section */
		3127EB6F2C137C9100AC7486 /* Debug */ = {
			isa = XCBuildConfiguration;
			buildSettings = {
				ALWAYS_SEARCH_USER_PATHS = NO;
				ASSETCATALOG_COMPILER_GENERATE_SWIFT_ASSET_SYMBOL_EXTENSIONS = YES;
				CLANG_ANALYZER_NONNULL = YES;
				CLANG_ANALYZER_NUMBER_OBJECT_CONVERSION = YES_AGGRESSIVE;
				CLANG_CXX_LANGUAGE_STANDARD = "gnu++20";
				CLANG_ENABLE_MODULES = YES;
				CLANG_ENABLE_OBJC_ARC = YES;
				CLANG_ENABLE_OBJC_WEAK = YES;
				CLANG_WARN_BLOCK_CAPTURE_AUTORELEASING = YES;
				CLANG_WARN_BOOL_CONVERSION = YES;
				CLANG_WARN_COMMA = YES;
				CLANG_WARN_CONSTANT_CONVERSION = YES;
				CLANG_WARN_DEPRECATED_OBJC_IMPLEMENTATIONS = YES;
				CLANG_WARN_DIRECT_OBJC_ISA_USAGE = YES_ERROR;
				CLANG_WARN_DOCUMENTATION_COMMENTS = YES;
				CLANG_WARN_EMPTY_BODY = YES;
				CLANG_WARN_ENUM_CONVERSION = YES;
				CLANG_WARN_INFINITE_RECURSION = YES;
				CLANG_WARN_INT_CONVERSION = YES;
				CLANG_WARN_NON_LITERAL_NULL_CONVERSION = YES;
				CLANG_WARN_OBJC_IMPLICIT_RETAIN_SELF = YES;
				CLANG_WARN_OBJC_LITERAL_CONVERSION = YES;
				CLANG_WARN_OBJC_ROOT_CLASS = YES_ERROR;
				CLANG_WARN_QUOTED_INCLUDE_IN_FRAMEWORK_HEADER = YES;
				CLANG_WARN_RANGE_LOOP_ANALYSIS = YES;
				CLANG_WARN_STRICT_PROTOTYPES = YES;
				CLANG_WARN_SUSPICIOUS_MOVE = YES;
				CLANG_WARN_UNGUARDED_AVAILABILITY = YES_AGGRESSIVE;
				CLANG_WARN_UNREACHABLE_CODE = YES;
				CLANG_WARN__DUPLICATE_METHOD_MATCH = YES;
				COPY_PHASE_STRIP = NO;
				DEBUG_INFORMATION_FORMAT = dwarf;
				ENABLE_STRICT_OBJC_MSGSEND = YES;
				ENABLE_TESTABILITY = YES;
				ENABLE_USER_SCRIPT_SANDBOXING = YES;
				GCC_C_LANGUAGE_STANDARD = gnu17;
				GCC_DYNAMIC_NO_PIC = NO;
				GCC_NO_COMMON_BLOCKS = YES;
				GCC_OPTIMIZATION_LEVEL = 0;
				GCC_PREPROCESSOR_DEFINITIONS = (
					"DEBUG=1",
					"$(inherited)",
				);
				GCC_WARN_64_TO_32_BIT_CONVERSION = YES;
				GCC_WARN_ABOUT_RETURN_TYPE = YES_ERROR;
				GCC_WARN_UNDECLARED_SELECTOR = YES;
				GCC_WARN_UNINITIALIZED_AUTOS = YES_AGGRESSIVE;
				GCC_WARN_UNUSED_FUNCTION = YES;
				GCC_WARN_UNUSED_VARIABLE = YES;
				IPHONEOS_DEPLOYMENT_TARGET = 17.4;
				LOCALIZATION_PREFERS_STRING_CATALOGS = YES;
				MTL_ENABLE_DEBUG_INFO = INCLUDE_SOURCE;
				MTL_FAST_MATH = YES;
				ONLY_ACTIVE_ARCH = YES;
				SDKROOT = iphoneos;
				SWIFT_ACTIVE_COMPILATION_CONDITIONS = "DEBUG $(inherited)";
				SWIFT_OPTIMIZATION_LEVEL = "-Onone";
			};
			name = Debug;
		};
		3127EB702C137C9100AC7486 /* Release */ = {
			isa = XCBuildConfiguration;
			buildSettings = {
				ALWAYS_SEARCH_USER_PATHS = NO;
				ASSETCATALOG_COMPILER_GENERATE_SWIFT_ASSET_SYMBOL_EXTENSIONS = YES;
				CLANG_ANALYZER_NONNULL = YES;
				CLANG_ANALYZER_NUMBER_OBJECT_CONVERSION = YES_AGGRESSIVE;
				CLANG_CXX_LANGUAGE_STANDARD = "gnu++20";
				CLANG_ENABLE_MODULES = YES;
				CLANG_ENABLE_OBJC_ARC = YES;
				CLANG_ENABLE_OBJC_WEAK = YES;
				CLANG_WARN_BLOCK_CAPTURE_AUTORELEASING = YES;
				CLANG_WARN_BOOL_CONVERSION = YES;
				CLANG_WARN_COMMA = YES;
				CLANG_WARN_CONSTANT_CONVERSION = YES;
				CLANG_WARN_DEPRECATED_OBJC_IMPLEMENTATIONS = YES;
				CLANG_WARN_DIRECT_OBJC_ISA_USAGE = YES_ERROR;
				CLANG_WARN_DOCUMENTATION_COMMENTS = YES;
				CLANG_WARN_EMPTY_BODY = YES;
				CLANG_WARN_ENUM_CONVERSION = YES;
				CLANG_WARN_INFINITE_RECURSION = YES;
				CLANG_WARN_INT_CONVERSION = YES;
				CLANG_WARN_NON_LITERAL_NULL_CONVERSION = YES;
				CLANG_WARN_OBJC_IMPLICIT_RETAIN_SELF = YES;
				CLANG_WARN_OBJC_LITERAL_CONVERSION = YES;
				CLANG_WARN_OBJC_ROOT_CLASS = YES_ERROR;
				CLANG_WARN_QUOTED_INCLUDE_IN_FRAMEWORK_HEADER = YES;
				CLANG_WARN_RANGE_LOOP_ANALYSIS = YES;
				CLANG_WARN_STRICT_PROTOTYPES = YES;
				CLANG_WARN_SUSPICIOUS_MOVE = YES;
				CLANG_WARN_UNGUARDED_AVAILABILITY = YES_AGGRESSIVE;
				CLANG_WARN_UNREACHABLE_CODE = YES;
				CLANG_WARN__DUPLICATE_METHOD_MATCH = YES;
				COPY_PHASE_STRIP = NO;
				DEBUG_INFORMATION_FORMAT = "dwarf-with-dsym";
				ENABLE_NS_ASSERTIONS = NO;
				ENABLE_STRICT_OBJC_MSGSEND = YES;
				ENABLE_USER_SCRIPT_SANDBOXING = YES;
				GCC_C_LANGUAGE_STANDARD = gnu17;
				GCC_NO_COMMON_BLOCKS = YES;
				GCC_WARN_64_TO_32_BIT_CONVERSION = YES;
				GCC_WARN_ABOUT_RETURN_TYPE = YES_ERROR;
				GCC_WARN_UNDECLARED_SELECTOR = YES;
				GCC_WARN_UNINITIALIZED_AUTOS = YES_AGGRESSIVE;
				GCC_WARN_UNUSED_FUNCTION = YES;
				GCC_WARN_UNUSED_VARIABLE = YES;
				IPHONEOS_DEPLOYMENT_TARGET = 17.4;
				LOCALIZATION_PREFERS_STRING_CATALOGS = YES;
				MTL_ENABLE_DEBUG_INFO = NO;
				MTL_FAST_MATH = YES;
				SDKROOT = iphoneos;
				SWIFT_COMPILATION_MODE = wholemodule;
				VALIDATE_PRODUCT = YES;
			};
			name = Release;
		};
		3127EB722C137C9100AC7486 /* Debug */ = {
			isa = XCBuildConfiguration;
			buildSettings = {
				ASSETCATALOG_COMPILER_APPICON_NAME = AppIcon;
				ASSETCATALOG_COMPILER_GLOBAL_ACCENT_COLOR_NAME = AccentColor;
				CODE_SIGN_STYLE = Automatic;
				CURRENT_PROJECT_VERSION = 1;
				DEVELOPMENT_ASSET_PATHS = "\"AppRealityKitTemplate/Preview Content\"";
				DEVELOPMENT_TEAM = FGH7GUTKVJ;
				ENABLE_PREVIEWS = YES;
				GENERATE_INFOPLIST_FILE = YES;
				INFOPLIST_KEY_NSCameraUsageDescription = "";
				INFOPLIST_KEY_UIApplicationSupportsIndirectInputEvents = YES;
				INFOPLIST_KEY_UILaunchScreen_Generation = YES;
				INFOPLIST_KEY_UIRequiredDeviceCapabilities = arkit;
				INFOPLIST_KEY_UIStatusBarHidden = YES;
				INFOPLIST_KEY_UISupportedInterfaceOrientations_iPad = "UIInterfaceOrientationPortrait UIInterfaceOrientationPortraitUpsideDown UIInterfaceOrientationLandscapeLeft UIInterfaceOrientationLandscapeRight";
				INFOPLIST_KEY_UISupportedInterfaceOrientations_iPhone = "UIInterfaceOrientationPortrait UIInterfaceOrientationLandscapeLeft UIInterfaceOrientationLandscapeRight";
				LD_RUNPATH_SEARCH_PATHS = (
					"$(inherited)",
					"@executable_path/Frameworks",
				);
				MARKETING_VERSION = 1.0;
				PRODUCT_BUNDLE_IDENTIFIER = es.keepcoding.templare.AppRealityKitTemplate;
				PRODUCT_NAME = "$(TARGET_NAME)";
				SWIFT_EMIT_LOC_STRINGS = YES;
				SWIFT_VERSION = 5.0;
				TARGETED_DEVICE_FAMILY = "1,2";
			};
			name = Debug;
		};
		3127EB732C137C9100AC7486 /* Release */ = {
			isa = XCBuildConfiguration;
			buildSettings = {
				ASSETCATALOG_COMPILER_APPICON_NAME = AppIcon;
				ASSETCATALOG_COMPILER_GLOBAL_ACCENT_COLOR_NAME = AccentColor;
				CODE_SIGN_STYLE = Automatic;
				CURRENT_PROJECT_VERSION = 1;
				DEVELOPMENT_ASSET_PATHS = "\"AppRealityKitTemplate/Preview Content\"";
				DEVELOPMENT_TEAM = FGH7GUTKVJ;
				ENABLE_PREVIEWS = YES;
				GENERATE_INFOPLIST_FILE = YES;
				INFOPLIST_KEY_NSCameraUsageDescription = "";
				INFOPLIST_KEY_UIApplicationSupportsIndirectInputEvents = YES;
				INFOPLIST_KEY_UILaunchScreen_Generation = YES;
				INFOPLIST_KEY_UIRequiredDeviceCapabilities = arkit;
				INFOPLIST_KEY_UIStatusBarHidden = YES;
				INFOPLIST_KEY_UISupportedInterfaceOrientations_iPad = "UIInterfaceOrientationPortrait UIInterfaceOrientationPortraitUpsideDown UIInterfaceOrientationLandscapeLeft UIInterfaceOrientationLandscapeRight";
				INFOPLIST_KEY_UISupportedInterfaceOrientations_iPhone = "UIInterfaceOrientationPortrait UIInterfaceOrientationLandscapeLeft UIInterfaceOrientationLandscapeRight";
				LD_RUNPATH_SEARCH_PATHS = (
					"$(inherited)",
					"@executable_path/Frameworks",
				);
				MARKETING_VERSION = 1.0;
				PRODUCT_BUNDLE_IDENTIFIER = es.keepcoding.templare.AppRealityKitTemplate;
				PRODUCT_NAME = "$(TARGET_NAME)";
				SWIFT_EMIT_LOC_STRINGS = YES;
				SWIFT_VERSION = 5.0;
				TARGETED_DEVICE_FAMILY = "1,2";
			};
			name = Release;
		};
/* End XCBuildConfiguration section */

/* Begin XCConfigurationList section */
		3127EB5E2C137C9000AC7486 /* Build configuration list for PBXProject "AppRealityKitTemplate" */ = {
			isa = XCConfigurationList;
			buildConfigurations = (
				3127EB6F2C137C9100AC7486 /* Debug */,
				3127EB702C137C9100AC7486 /* Release */,
			);
			defaultConfigurationIsVisible = 0;
			defaultConfigurationName = Release;
		};
		3127EB712C137C9100AC7486 /* Build configuration list for PBXNativeTarget "AppRealityKitTemplate" */ = {
			isa = XCConfigurationList;
			buildConfigurations = (
				3127EB722C137C9100AC7486 /* Debug */,
				3127EB732C137C9100AC7486 /* Release */,
			);
			defaultConfigurationIsVisible = 0;
			defaultConfigurationName = Release;
		};
/* End XCConfigurationList section */
	};
	rootObject = 3127EB5B2C137C9000AC7486 /* Project object */;
}
